
Microsoft Visual Studio Solution File, Format Version 12.00
# Visual Studio Version 17
VisualStudioVersion = 17.5.002.0
MinimumVisualStudioVersion = 10.0.40219.1
Project("{9A19103F-16F7-4668-BE54-9A1E7A4F7556}") = "DesafioProjetoHospedagem", "trilha-net-explorando-desafio\DesafioProjetoHospedagem.csproj", "{679B6D9B-022D-4E72-A97A-C8B74FB07383}"
EndProject
Global
	GlobalSection(SolutionConfigurationPlatforms) = preSolution
		Debug|Any CPU = Debug|Any CPU
		Release|Any CPU = Release|Any CPU
	EndGlobalSection
	GlobalSection(ProjectConfigurationPlatforms) = postSolution
		{679B6D9B-022D-4E72-A97A-C8B74FB07383}.Debug|Any CPU.ActiveCfg = Debug|Any CPU
		{679B6D9B-022D-4E72-A97A-C8B74FB07383}.Debug|Any CPU.Build.0 = Debug|Any CPU
		{679B6D9B-022D-4E72-A97A-C8B74FB07383}.Release|Any CPU.ActiveCfg = Release|Any CPU
		{679B6D9B-022D-4E72-A97A-C8B74FB07383}.Release|Any CPU.Build.0 = Release|Any CPU
	EndGlobalSection
	GlobalSection(SolutionProperties) = preSolution
		HideSolutionNode = FALSE
	EndGlobalSection
	GlobalSection(ExtensibilityGlobals) = postSolution
		SolutionGuid = {BF4F63BB-E895-4552-9C96-DB8621A6EB03}
	EndGlobalSection
EndGlobal
